// !$*UTF8*$!
{
	archiveVersion = 1;
	classes = {
	};
	objectVersion = 46;
	objects = {

/* Begin PBXBuildFile section */
		C09AEF2117A4E66800879A4C /* UIKit.framework in Frameworks */ = {isa = PBXBuildFile; fileRef = C09AEF2017A4E66800879A4C /* UIKit.framework */; };
		C09AEF2317A4E66800879A4C /* Foundation.framework in Frameworks */ = {isa = PBXBuildFile; fileRef = C09AEF2217A4E66800879A4C /* Foundation.framework */; };
		C09AEF2517A4E66800879A4C /* CoreGraphics.framework in Frameworks */ = {isa = PBXBuildFile; fileRef = C09AEF2417A4E66800879A4C /* CoreGraphics.framework */; };
		C09AEF2B17A4E66800879A4C /* InfoPlist.strings in Resources */ = {isa = PBXBuildFile; fileRef = C09AEF2917A4E66800879A4C /* InfoPlist.strings */; };
		C09AEF2D17A4E66800879A4C /* main.m in Sources */ = {isa = PBXBuildFile; fileRef = C09AEF2C17A4E66800879A4C /* main.m */; };
		C09AEF3117A4E66800879A4C /* AppDelegate.m in Sources */ = {isa = PBXBuildFile; fileRef = C09AEF3017A4E66800879A4C /* AppDelegate.m */; };
		C09AEF3317A4E66800879A4C /* Default.png in Resources */ = {isa = PBXBuildFile; fileRef = C09AEF3217A4E66800879A4C /* Default.png */; };
		C09AEF3517A4E66800879A4C /* Default@2x.png in Resources */ = {isa = PBXBuildFile; fileRef = C09AEF3417A4E66800879A4C /* Default@2x.png */; };
		C09AEF3717A4E66800879A4C /* Default-568h@2x.png in Resources */ = {isa = PBXBuildFile; fileRef = C09AEF3617A4E66800879A4C /* Default-568h@2x.png */; };
		C09AEF3A17A4E66800879A4C /* ViewController.m in Sources */ = {isa = PBXBuildFile; fileRef = C09AEF3917A4E66800879A4C /* ViewController.m */; };
		C09AEF3D17A4E66800879A4C /* ViewController.xib in Resources */ = {isa = PBXBuildFile; fileRef = C09AEF3B17A4E66800879A4C /* ViewController.xib */; };
		C09AEF4517A4E6A900879A4C /* ComeHitherVC.m in Sources */ = {isa = PBXBuildFile; fileRef = C09AEF4417A4E6A900879A4C /* ComeHitherVC.m */; };
		C09AEF4817A4EB9300879A4C /* TalkViewController.m in Sources */ = {isa = PBXBuildFile; fileRef = C09AEF4717A4EB9300879A4C /* TalkViewController.m */; };
		C09AEF4B17A4EBAA00879A4C /* MentorViewController.m in Sources */ = {isa = PBXBuildFile; fileRef = C09AEF4A17A4EBAA00879A4C /* MentorViewController.m */; };
		C09AEF4E17A4EBB500879A4C /* ScheduleViewController.m in Sources */ = {isa = PBXBuildFile; fileRef = C09AEF4D17A4EBB500879A4C /* ScheduleViewController.m */; };
		C09AEF5017A50AD600879A4C /* QuartzCore.framework in Frameworks */ = {isa = PBXBuildFile; fileRef = C09AEF4F17A50AD600879A4C /* QuartzCore.framework */; };
		EAC08B1F17A517F800023D84 /* Parse.framework in Frameworks */ = {isa = PBXBuildFile; fileRef = EAC08B1E17A517F800023D84 /* Parse.framework */; };
		EAC08B2117A5181400023D84 /* AudioToolbox.framework in Frameworks */ = {isa = PBXBuildFile; fileRef = EAC08B2017A5181400023D84 /* AudioToolbox.framework */; };
		EAC08B2317A5181A00023D84 /* CFNetwork.framework in Frameworks */ = {isa = PBXBuildFile; fileRef = EAC08B2217A5181A00023D84 /* CFNetwork.framework */; };
		EAC08B2517A5182400023D84 /* CoreLocation.framework in Frameworks */ = {isa = PBXBuildFile; fileRef = EAC08B2417A5182400023D84 /* CoreLocation.framework */; };
		EAC08B2717A5182900023D84 /* libz.1.1.3.dylib in Frameworks */ = {isa = PBXBuildFile; fileRef = EAC08B2617A5182900023D84 /* libz.1.1.3.dylib */; };
		EAC08B2917A5182F00023D84 /* MobileCoreServices.framework in Frameworks */ = {isa = PBXBuildFile; fileRef = EAC08B2817A5182F00023D84 /* MobileCoreServices.framework */; };
		EAC08B2B17A5183B00023D84 /* Security.framework in Frameworks */ = {isa = PBXBuildFile; fileRef = EAC08B2A17A5183B00023D84 /* Security.framework */; };
		EAC08B2D17A5184000023D84 /* StoreKit.framework in Frameworks */ = {isa = PBXBuildFile; fileRef = EAC08B2C17A5184000023D84 /* StoreKit.framework */; };
		EAC08B2F17A5184600023D84 /* SystemConfiguration.framework in Frameworks */ = {isa = PBXBuildFile; fileRef = EAC08B2E17A5184600023D84 /* SystemConfiguration.framework */; };
		EAC08B3617A5188D00023D84 /* Message.m in Sources */ = {isa = PBXBuildFile; fileRef = EAC08B3117A5188D00023D84 /* Message.m */; };
		EAC08B3717A5188D00023D84 /* MessageUtil.m in Sources */ = {isa = PBXBuildFile; fileRef = EAC08B3317A5188D00023D84 /* MessageUtil.m */; };
		EAC08B3817A5188D00023D84 /* Person.m in Sources */ = {isa = PBXBuildFile; fileRef = EAC08B3517A5188D00023D84 /* Person.m */; };
/* End PBXBuildFile section */

/* Begin PBXFileReference section */
		C09AEF1D17A4E66800879A4C /* Concierge.app */ = {isa = PBXFileReference; explicitFileType = wrapper.application; includeInIndex = 0; path = Concierge.app; sourceTree = BUILT_PRODUCTS_DIR; };
		C09AEF2017A4E66800879A4C /* UIKit.framework */ = {isa = PBXFileReference; lastKnownFileType = wrapper.framework; name = UIKit.framework; path = System/Library/Frameworks/UIKit.framework; sourceTree = SDKROOT; };
		C09AEF2217A4E66800879A4C /* Foundation.framework */ = {isa = PBXFileReference; lastKnownFileType = wrapper.framework; name = Foundation.framework; path = System/Library/Frameworks/Foundation.framework; sourceTree = SDKROOT; };
		C09AEF2417A4E66800879A4C /* CoreGraphics.framework */ = {isa = PBXFileReference; lastKnownFileType = wrapper.framework; name = CoreGraphics.framework; path = System/Library/Frameworks/CoreGraphics.framework; sourceTree = SDKROOT; };
		C09AEF2817A4E66800879A4C /* Concierge-Info.plist */ = {isa = PBXFileReference; lastKnownFileType = text.plist.xml; path = "Concierge-Info.plist"; sourceTree = "<group>"; };
		C09AEF2A17A4E66800879A4C /* en */ = {isa = PBXFileReference; lastKnownFileType = text.plist.strings; name = en; path = en.lproj/InfoPlist.strings; sourceTree = "<group>"; };
		C09AEF2C17A4E66800879A4C /* main.m */ = {isa = PBXFileReference; lastKnownFileType = sourcecode.c.objc; path = main.m; sourceTree = "<group>"; };
		C09AEF2E17A4E66800879A4C /* Concierge-Prefix.pch */ = {isa = PBXFileReference; lastKnownFileType = sourcecode.c.h; path = "Concierge-Prefix.pch"; sourceTree = "<group>"; };
		C09AEF2F17A4E66800879A4C /* AppDelegate.h */ = {isa = PBXFileReference; lastKnownFileType = sourcecode.c.h; path = AppDelegate.h; sourceTree = "<group>"; };
		C09AEF3017A4E66800879A4C /* AppDelegate.m */ = {isa = PBXFileReference; lastKnownFileType = sourcecode.c.objc; path = AppDelegate.m; sourceTree = "<group>"; };
		C09AEF3217A4E66800879A4C /* Default.png */ = {isa = PBXFileReference; lastKnownFileType = image.png; path = Default.png; sourceTree = "<group>"; };
		C09AEF3417A4E66800879A4C /* Default@2x.png */ = {isa = PBXFileReference; lastKnownFileType = image.png; path = "Default@2x.png"; sourceTree = "<group>"; };
		C09AEF3617A4E66800879A4C /* Default-568h@2x.png */ = {isa = PBXFileReference; lastKnownFileType = image.png; path = "Default-568h@2x.png"; sourceTree = "<group>"; };
		C09AEF3817A4E66800879A4C /* ViewController.h */ = {isa = PBXFileReference; lastKnownFileType = sourcecode.c.h; path = ViewController.h; sourceTree = "<group>"; };
		C09AEF3917A4E66800879A4C /* ViewController.m */ = {isa = PBXFileReference; lastKnownFileType = sourcecode.c.objc; path = ViewController.m; sourceTree = "<group>"; };
		C09AEF3C17A4E66800879A4C /* en */ = {isa = PBXFileReference; lastKnownFileType = file.xib; name = en; path = en.lproj/ViewController.xib; sourceTree = "<group>"; };
		C09AEF4317A4E6A900879A4C /* ComeHitherVC.h */ = {isa = PBXFileReference; fileEncoding = 4; lastKnownFileType = sourcecode.c.h; path = ComeHitherVC.h; sourceTree = "<group>"; };
		C09AEF4417A4E6A900879A4C /* ComeHitherVC.m */ = {isa = PBXFileReference; fileEncoding = 4; lastKnownFileType = sourcecode.c.objc; path = ComeHitherVC.m; sourceTree = "<group>"; };
		C09AEF4617A4EB9300879A4C /* TalkViewController.h */ = {isa = PBXFileReference; fileEncoding = 4; lastKnownFileType = sourcecode.c.h; path = TalkViewController.h; sourceTree = "<group>"; };
		C09AEF4717A4EB9300879A4C /* TalkViewController.m */ = {isa = PBXFileReference; fileEncoding = 4; lastKnownFileType = sourcecode.c.objc; path = TalkViewController.m; sourceTree = "<group>"; };
		C09AEF4917A4EBAA00879A4C /* MentorViewController.h */ = {isa = PBXFileReference; fileEncoding = 4; lastKnownFileType = sourcecode.c.h; path = MentorViewController.h; sourceTree = "<group>"; };
		C09AEF4A17A4EBAA00879A4C /* MentorViewController.m */ = {isa = PBXFileReference; fileEncoding = 4; lastKnownFileType = sourcecode.c.objc; path = MentorViewController.m; sourceTree = "<group>"; };
		C09AEF4C17A4EBB500879A4C /* ScheduleViewController.h */ = {isa = PBXFileReference; fileEncoding = 4; lastKnownFileType = sourcecode.c.h; path = ScheduleViewController.h; sourceTree = "<group>"; };
		C09AEF4D17A4EBB500879A4C /* ScheduleViewController.m */ = {isa = PBXFileReference; fileEncoding = 4; lastKnownFileType = sourcecode.c.objc; path = ScheduleViewController.m; sourceTree = "<group>"; };
		C09AEF4F17A50AD600879A4C /* QuartzCore.framework */ = {isa = PBXFileReference; lastKnownFileType = wrapper.framework; name = QuartzCore.framework; path = System/Library/Frameworks/QuartzCore.framework; sourceTree = SDKROOT; };
		EAC08B1E17A517F800023D84 /* Parse.framework */ = {isa = PBXFileReference; lastKnownFileType = wrapper.framework; path = Parse.framework; sourceTree = "<group>"; };
		EAC08B2017A5181400023D84 /* AudioToolbox.framework */ = {isa = PBXFileReference; lastKnownFileType = wrapper.framework; name = AudioToolbox.framework; path = System/Library/Frameworks/AudioToolbox.framework; sourceTree = SDKROOT; };
		EAC08B2217A5181A00023D84 /* CFNetwork.framework */ = {isa = PBXFileReference; lastKnownFileType = wrapper.framework; name = CFNetwork.framework; path = System/Library/Frameworks/CFNetwork.framework; sourceTree = SDKROOT; };
		EAC08B2417A5182400023D84 /* CoreLocation.framework */ = {isa = PBXFileReference; lastKnownFileType = wrapper.framework; name = CoreLocation.framework; path = System/Library/Frameworks/CoreLocation.framework; sourceTree = SDKROOT; };
		EAC08B2617A5182900023D84 /* libz.1.1.3.dylib */ = {isa = PBXFileReference; lastKnownFileType = "compiled.mach-o.dylib"; name = libz.1.1.3.dylib; path = usr/lib/libz.1.1.3.dylib; sourceTree = SDKROOT; };
		EAC08B2817A5182F00023D84 /* MobileCoreServices.framework */ = {isa = PBXFileReference; lastKnownFileType = wrapper.framework; name = MobileCoreServices.framework; path = System/Library/Frameworks/MobileCoreServices.framework; sourceTree = SDKROOT; };
		EAC08B2A17A5183B00023D84 /* Security.framework */ = {isa = PBXFileReference; lastKnownFileType = wrapper.framework; name = Security.framework; path = System/Library/Frameworks/Security.framework; sourceTree = SDKROOT; };
		EAC08B2C17A5184000023D84 /* StoreKit.framework */ = {isa = PBXFileReference; lastKnownFileType = wrapper.framework; name = StoreKit.framework; path = System/Library/Frameworks/StoreKit.framework; sourceTree = SDKROOT; };
		EAC08B2E17A5184600023D84 /* SystemConfiguration.framework */ = {isa = PBXFileReference; lastKnownFileType = wrapper.framework; name = SystemConfiguration.framework; path = System/Library/Frameworks/SystemConfiguration.framework; sourceTree = SDKROOT; };
		EAC08B3017A5188D00023D84 /* Message.h */ = {isa = PBXFileReference; fileEncoding = 4; lastKnownFileType = sourcecode.c.h; path = Message.h; sourceTree = "<group>"; };
		EAC08B3117A5188D00023D84 /* Message.m */ = {isa = PBXFileReference; fileEncoding = 4; lastKnownFileType = sourcecode.c.objc; path = Message.m; sourceTree = "<group>"; };
		EAC08B3217A5188D00023D84 /* MessageUtil.h */ = {isa = PBXFileReference; fileEncoding = 4; lastKnownFileType = sourcecode.c.h; path = MessageUtil.h; sourceTree = "<group>"; };
		EAC08B3317A5188D00023D84 /* MessageUtil.m */ = {isa = PBXFileReference; fileEncoding = 4; lastKnownFileType = sourcecode.c.objc; path = MessageUtil.m; sourceTree = "<group>"; };
		EAC08B3417A5188D00023D84 /* Person.h */ = {isa = PBXFileReference; fileEncoding = 4; lastKnownFileType = sourcecode.c.h; path = Person.h; sourceTree = "<group>"; };
		EAC08B3517A5188D00023D84 /* Person.m */ = {isa = PBXFileReference; fileEncoding = 4; lastKnownFileType = sourcecode.c.objc; path = Person.m; sourceTree = "<group>"; };
/* End PBXFileReference section */

/* Begin PBXFrameworksBuildPhase section */
		C09AEF1A17A4E66800879A4C /* Frameworks */ = {
			isa = PBXFrameworksBuildPhase;
			buildActionMask = 2147483647;
			files = (
				EAC08B2F17A5184600023D84 /* SystemConfiguration.framework in Frameworks */,
				EAC08B2D17A5184000023D84 /* StoreKit.framework in Frameworks */,
				EAC08B2B17A5183B00023D84 /* Security.framework in Frameworks */,
				C09AEF5017A50AD600879A4C /* QuartzCore.framework in Frameworks */,
				EAC08B2917A5182F00023D84 /* MobileCoreServices.framework in Frameworks */,
				EAC08B2717A5182900023D84 /* libz.1.1.3.dylib in Frameworks */,
				EAC08B2517A5182400023D84 /* CoreLocation.framework in Frameworks */,
				C09AEF2517A4E66800879A4C /* CoreGraphics.framework in Frameworks */,
				EAC08B2317A5181A00023D84 /* CFNetwork.framework in Frameworks */,
				EAC08B2117A5181400023D84 /* AudioToolbox.framework in Frameworks */,
				C09AEF2117A4E66800879A4C /* UIKit.framework in Frameworks */,
				C09AEF2317A4E66800879A4C /* Foundation.framework in Frameworks */,
				EAC08B1F17A517F800023D84 /* Parse.framework in Frameworks */,
			);
			runOnlyForDeploymentPostprocessing = 0;
		};
/* End PBXFrameworksBuildPhase section */

/* Begin PBXGroup section */
		C09AEF1417A4E66800879A4C = {
			isa = PBXGroup;
			children = (
				C09AEF4C17A4EBB500879A4C /* ScheduleViewController.h */,
				C09AEF4D17A4EBB500879A4C /* ScheduleViewController.m */,
				C09AEF4917A4EBAA00879A4C /* MentorViewController.h */,
				C09AEF4A17A4EBAA00879A4C /* MentorViewController.m */,
				C09AEF2617A4E66800879A4C /* Concierge */,
				C09AEF1F17A4E66800879A4C /* Frameworks */,
				C09AEF1E17A4E66800879A4C /* Products */,
			);
			sourceTree = "<group>";
		};
		C09AEF1E17A4E66800879A4C /* Products */ = {
			isa = PBXGroup;
			children = (
				C09AEF1D17A4E66800879A4C /* Concierge.app */,
			);
			name = Products;
			sourceTree = "<group>";
		};
		C09AEF1F17A4E66800879A4C /* Frameworks */ = {
			isa = PBXGroup;
			children = (
				EAC08B2E17A5184600023D84 /* SystemConfiguration.framework */,
				EAC08B2C17A5184000023D84 /* StoreKit.framework */,
				EAC08B2A17A5183B00023D84 /* Security.framework */,
				EAC08B2817A5182F00023D84 /* MobileCoreServices.framework */,
				EAC08B2617A5182900023D84 /* libz.1.1.3.dylib */,
				EAC08B2417A5182400023D84 /* CoreLocation.framework */,
				EAC08B2217A5181A00023D84 /* CFNetwork.framework */,
				EAC08B2017A5181400023D84 /* AudioToolbox.framework */,
				C09AEF4F17A50AD600879A4C /* QuartzCore.framework */,
				EAC08B1E17A517F800023D84 /* Parse.framework */,
				C09AEF2017A4E66800879A4C /* UIKit.framework */,
				C09AEF2217A4E66800879A4C /* Foundation.framework */,
				C09AEF2417A4E66800879A4C /* CoreGraphics.framework */,
			);
			name = Frameworks;
			sourceTree = "<group>";
		};
		C09AEF2617A4E66800879A4C /* Concierge */ = {
			isa = PBXGroup;
			children = (
				EAC08B3017A5188D00023D84 /* Message.h */,
				EAC08B3117A5188D00023D84 /* Message.m */,
				EAC08B3217A5188D00023D84 /* MessageUtil.h */,
				EAC08B3317A5188D00023D84 /* MessageUtil.m */,
				EAC08B3417A5188D00023D84 /* Person.h */,
				EAC08B3517A5188D00023D84 /* Person.m */,
				C09AEF2F17A4E66800879A4C /* AppDelegate.h */,
				C09AEF3017A4E66800879A4C /* AppDelegate.m */,
				C09AEF3817A4E66800879A4C /* ViewController.h */,
				C09AEF3917A4E66800879A4C /* ViewController.m */,
				C09AEF3B17A4E66800879A4C /* ViewController.xib */,
				C09AEF4317A4E6A900879A4C /* ComeHitherVC.h */,
				C09AEF4417A4E6A900879A4C /* ComeHitherVC.m */,
				C09AEF2717A4E66800879A4C /* Supporting Files */,
				C09AEF4617A4EB9300879A4C /* TalkViewController.h */,
				C09AEF4717A4EB9300879A4C /* TalkViewController.m */,
			);
			path = Concierge;
			sourceTree = "<group>";
		};
		C09AEF2717A4E66800879A4C /* Supporting Files */ = {
			isa = PBXGroup;
			children = (
				C09AEF2817A4E66800879A4C /* Concierge-Info.plist */,
				C09AEF2917A4E66800879A4C /* InfoPlist.strings */,
				C09AEF2C17A4E66800879A4C /* main.m */,
				C09AEF2E17A4E66800879A4C /* Concierge-Prefix.pch */,
				C09AEF3217A4E66800879A4C /* Default.png */,
				C09AEF3417A4E66800879A4C /* Default@2x.png */,
				C09AEF3617A4E66800879A4C /* Default-568h@2x.png */,
			);
			name = "Supporting Files";
			sourceTree = "<group>";
		};
/* End PBXGroup section */

/* Begin PBXNativeTarget section */
		C09AEF1C17A4E66800879A4C /* Concierge */ = {
			isa = PBXNativeTarget;
			buildConfigurationList = C09AEF4017A4E66800879A4C /* Build configuration list for PBXNativeTarget "Concierge" */;
			buildPhases = (
				C09AEF1917A4E66800879A4C /* Sources */,
				C09AEF1A17A4E66800879A4C /* Frameworks */,
				C09AEF1B17A4E66800879A4C /* Resources */,
			);
			buildRules = (
			);
			dependencies = (
			);
			name = Concierge;
			productName = Concierge;
			productReference = C09AEF1D17A4E66800879A4C /* Concierge.app */;
			productType = "com.apple.product-type.application";
		};
/* End PBXNativeTarget section */

/* Begin PBXProject section */
		C09AEF1517A4E66800879A4C /* Project object */ = {
			isa = PBXProject;
			attributes = {
				LastUpgradeCheck = 0460;
				ORGANIZATIONNAME = "Katie Siegel";
			};
			buildConfigurationList = C09AEF1817A4E66800879A4C /* Build configuration list for PBXProject "Concierge" */;
			compatibilityVersion = "Xcode 3.2";
			developmentRegion = English;
			hasScannedForEncodings = 0;
			knownRegions = (
				en,
			);
			mainGroup = C09AEF1417A4E66800879A4C;
			productRefGroup = C09AEF1E17A4E66800879A4C /* Products */;
			projectDirPath = "";
			projectRoot = "";
			targets = (
				C09AEF1C17A4E66800879A4C /* Concierge */,
			);
		};
/* End PBXProject section */

/* Begin PBXResourcesBuildPhase section */
		C09AEF1B17A4E66800879A4C /* Resources */ = {
			isa = PBXResourcesBuildPhase;
			buildActionMask = 2147483647;
			files = (
				C09AEF2B17A4E66800879A4C /* InfoPlist.strings in Resources */,
				C09AEF3317A4E66800879A4C /* Default.png in Resources */,
				C09AEF3517A4E66800879A4C /* Default@2x.png in Resources */,
				C09AEF3717A4E66800879A4C /* Default-568h@2x.png in Resources */,
				C09AEF3D17A4E66800879A4C /* ViewController.xib in Resources */,
			);
			runOnlyForDeploymentPostprocessing = 0;
		};
/* End PBXResourcesBuildPhase section */

/* Begin PBXSourcesBuildPhase section */
		C09AEF1917A4E66800879A4C /* Sources */ = {
			isa = PBXSourcesBuildPhase;
			buildActionMask = 2147483647;
			files = (
				C09AEF2D17A4E66800879A4C /* main.m in Sources */,
				C09AEF3117A4E66800879A4C /* AppDelegate.m in Sources */,
				C09AEF3A17A4E66800879A4C /* ViewController.m in Sources */,
				C09AEF4517A4E6A900879A4C /* ComeHitherVC.m in Sources */,
				C09AEF4817A4EB9300879A4C /* TalkViewController.m in Sources */,
				C09AEF4B17A4EBAA00879A4C /* MentorViewController.m in Sources */,
				C09AEF4E17A4EBB500879A4C /* ScheduleViewController.m in Sources */,
				EAC08B3617A5188D00023D84 /* Message.m in Sources */,
				EAC08B3717A5188D00023D84 /* MessageUtil.m in Sources */,
				EAC08B3817A5188D00023D84 /* Person.m in Sources */,
			);
			runOnlyForDeploymentPostprocessing = 0;
		};
/* End PBXSourcesBuildPhase section */

/* Begin PBXVariantGroup section */
		C09AEF2917A4E66800879A4C /* InfoPlist.strings */ = {
			isa = PBXVariantGroup;
			children = (
				C09AEF2A17A4E66800879A4C /* en */,
			);
			name = InfoPlist.strings;
			sourceTree = "<group>";
		};
		C09AEF3B17A4E66800879A4C /* ViewController.xib */ = {
			isa = PBXVariantGroup;
			children = (
				C09AEF3C17A4E66800879A4C /* en */,
			);
			name = ViewController.xib;
			sourceTree = "<group>";
		};
/* End PBXVariantGroup section */

/* Begin XCBuildConfiguration section */
		C09AEF3E17A4E66800879A4C /* Debug */ = {
			isa = XCBuildConfiguration;
			buildSettings = {
				ALWAYS_SEARCH_USER_PATHS = NO;
				CLANG_CXX_LANGUAGE_STANDARD = "gnu++0x";
				CLANG_CXX_LIBRARY = "libc++";
				CLANG_ENABLE_OBJC_ARC = YES;
				CLANG_WARN_CONSTANT_CONVERSION = YES;
				CLANG_WARN_EMPTY_BODY = YES;
				CLANG_WARN_ENUM_CONVERSION = YES;
				CLANG_WARN_INT_CONVERSION = YES;
				CLANG_WARN__DUPLICATE_METHOD_MATCH = YES;
				"CODE_SIGN_IDENTITY[sdk=iphoneos*]" = "iPhone Developer";
				COPY_PHASE_STRIP = NO;
				GCC_C_LANGUAGE_STANDARD = gnu99;
				GCC_DYNAMIC_NO_PIC = NO;
				GCC_OPTIMIZATION_LEVEL = 0;
				GCC_PREPROCESSOR_DEFINITIONS = (
					"DEBUG=1",
					"$(inherited)",
				);
				GCC_SYMBOLS_PRIVATE_EXTERN = NO;
				GCC_WARN_ABOUT_RETURN_TYPE = YES;
				GCC_WARN_UNINITIALIZED_AUTOS = YES;
				GCC_WARN_UNUSED_VARIABLE = YES;
				IPHONEOS_DEPLOYMENT_TARGET = 6.1;
				ONLY_ACTIVE_ARCH = YES;
				SDKROOT = iphoneos;
			};
			name = Debug;
		};
		C09AEF3F17A4E66800879A4C /* Release */ = {
			isa = XCBuildConfiguration;
			buildSettings = {
				ALWAYS_SEARCH_USER_PATHS = NO;
				CLANG_CXX_LANGUAGE_STANDARD = "gnu++0x";
				CLANG_CXX_LIBRARY = "libc++";
				CLANG_ENABLE_OBJC_ARC = YES;
				CLANG_WARN_CONSTANT_CONVERSION = YES;
				CLANG_WARN_EMPTY_BODY = YES;
				CLANG_WARN_ENUM_CONVERSION = YES;
				CLANG_WARN_INT_CONVERSION = YES;
				CLANG_WARN__DUPLICATE_METHOD_MATCH = YES;
				"CODE_SIGN_IDENTITY[sdk=iphoneos*]" = "iPhone Developer";
				COPY_PHASE_STRIP = YES;
				GCC_C_LANGUAGE_STANDARD = gnu99;
				GCC_WARN_ABOUT_RETURN_TYPE = YES;
				GCC_WARN_UNINITIALIZED_AUTOS = YES;
				GCC_WARN_UNUSED_VARIABLE = YES;
				IPHONEOS_DEPLOYMENT_TARGET = 6.1;
				OTHER_CFLAGS = "-DNS_BLOCK_ASSERTIONS=1";
				SDKROOT = iphoneos;
				VALIDATE_PRODUCT = YES;
			};
			name = Release;
		};
		C09AEF4117A4E66800879A4C /* Debug */ = {
			isa = XCBuildConfiguration;
			buildSettings = {
				FRAMEWORK_SEARCH_PATHS = (
					"$(inherited)",
					"\"$(SRCROOT)\"",
				);
				GCC_PRECOMPILE_PREFIX_HEADER = YES;
				GCC_PREFIX_HEADER = "Concierge/Concierge-Prefix.pch";
				INFOPLIST_FILE = "Concierge/Concierge-Info.plist";
				PRODUCT_NAME = "$(TARGET_NAME)";
				WRAPPER_EXTENSION = app;
			};
			name = Debug;
		};
		C09AEF4217A4E66800879A4C /* Release */ = {
			isa = XCBuildConfiguration;
			buildSettings = {
				FRAMEWORK_SEARCH_PATHS = (
					"$(inherited)",
					"\"$(SRCROOT)\"",
				);
				GCC_PRECOMPILE_PREFIX_HEADER = YES;
				GCC_PREFIX_HEADER = "Concierge/Concierge-Prefix.pch";
				INFOPLIST_FILE = "Concierge/Concierge-Info.plist";
				PRODUCT_NAME = "$(TARGET_NAME)";
				WRAPPER_EXTENSION = app;
			};
			name = Release;
		};
/* End XCBuildConfiguration section */

/* Begin XCConfigurationList section */
		C09AEF1817A4E66800879A4C /* Build configuration list for PBXProject "Concierge" */ = {
			isa = XCConfigurationList;
			buildConfigurations = (
				C09AEF3E17A4E66800879A4C /* Debug */,
				C09AEF3F17A4E66800879A4C /* Release */,
			);
			defaultConfigurationIsVisible = 0;
			defaultConfigurationName = Release;
		};
		C09AEF4017A4E66800879A4C /* Build configuration list for PBXNativeTarget "Concierge" */ = {
			isa = XCConfigurationList;
			buildConfigurations = (
				C09AEF4117A4E66800879A4C /* Debug */,
				C09AEF4217A4E66800879A4C /* Release */,
			);
			defaultConfigurationIsVisible = 0;
			defaultConfigurationName = Release;
		};
/* End XCConfigurationList section */
	};
	rootObject = C09AEF1517A4E66800879A4C /* Project object */;
}
